
Microsoft Visual Studio Solution File, Format Version 12.00
# Visual Studio Version 17
VisualStudioVersion = 17.1.32328.378
MinimumVisualStudioVersion = 10.0.40219.1
Project("{FAE04EC0-301F-11D3-BF4B-00C04F79EFBC}") = "Zadanie6", "Zadanie6\Zadanie6.csproj", "{D140E737-6CBD-4303-9E1F-C3137E708E1C}"
EndProject
Global
	GlobalSection(SolutionConfigurationPlatforms) = preSolution
		Debug|Any CPU = Debug|Any CPU
		Release|Any CPU = Release|Any CPU
	EndGlobalSection
	GlobalSection(ProjectConfigurationPlatforms) = postSolution
		{D140E737-6CBD-4303-9E1F-C3137E708E1C}.Debug|Any CPU.ActiveCfg = Debug|Any CPU
		{D140E737-6CBD-4303-9E1F-C3137E708E1C}.Debug|Any CPU.Build.0 = Debug|Any CPU
		{D140E737-6CBD-4303-9E1F-C3137E708E1C}.Release|Any CPU.ActiveCfg = Release|Any CPU
		{D140E737-6CBD-4303-9E1F-C3137E708E1C}.Release|Any CPU.Build.0 = Release|Any CPU
	EndGlobalSection
	GlobalSection(SolutionProperties) = preSolution
		HideSolutionNode = FALSE
	EndGlobalSection
	GlobalSection(ExtensibilityGlobals) = postSolution
		SolutionGuid = {FB72BA12-68B8-4D09-A846-08CDFFEE5032}
	EndGlobalSection
EndGlobal
